{
  "name": "Books-Licence",
  "lockfileVersion": 2,
  "requires": true,
  "packages": {
    "": {
      "dependencies": {
        "@heroku-cli/plugin-buildpacks": "^7.54.0"
      },
      "devDependencies": {
        "@heroku/buildpack-registry": "^1.0.1"
      }
    },
    "node_modules/@heroku-cli/plugin-buildpacks": {
      "version": "7.54.0",
      "resolved": "https://registry.npmjs.org/@heroku-cli/plugin-buildpacks/-/plugin-buildpacks-7.54.0.tgz",
      "integrity": "sha512-djscXhDYJP6y/XXw2sM9j4MBTjggrtUHnExzvHqPLL8GUvaWOAE+buSQ6fobs8IIqkjLL7XTauWQVUqnj3O2Ng==",
      "hasShrinkwrap": true,
      "dependencies": {
        "@heroku-cli/color": "^1.1.14",
        "@heroku-cli/command": "^8.4.1",
        "@heroku/buildpack-registry": "^1.0.1",
        "@oclif/config": "^1.12.10",
        "@oclif/plugin-legacy": "^1.2.0",
        "cli-ux": "^4.9.3",
        "heroku-cli-util": "^8.0.11",
        "http-call": "^5.2.3",
        "lodash": "^4.17.11",
        "true-myth": "2.2.3",
        "valid-url": "^1.0.9"
      },
      "engines": {
        "node": ">=8.0.0"
      }
    },
    "node_modules/@heroku-cli/plugin-buildpacks/node_modules/@types/node": {
      "version": "10.14.13",
      "extraneous": true
    },
    "node_modules/@heroku-cli/plugin-buildpacks/node_modules/ajv": {
      "version": "6.10.2",
      "extraneous": true
    },
    "node_modules/@heroku-cli/plugin-buildpacks/node_modules/ansi-escapes": {
      "version": "4.2.1",
      "extraneous": true,
      "dependencies": {
        "type-fest": "^0.5.2"
      }
    },
    "node_modules/@heroku-cli/plugin-buildpacks/node_modules/ansi-escapes/node_modules/type-fest": {
      "version": "0.5.2",
      "extraneous": true
    },
    "node_modules/@heroku-cli/plugin-buildpacks/node_modules/chalk": {
      "version": "2.4.1",
      "extraneous": true
    },
    "node_modules/@heroku-cli/plugin-buildpacks/node_modules/cli-cursor": {
      "version": "3.1.0",
      "extraneous": true,
      "dependencies": {
        "restore-cursor": "^3.1.0"
      }
    },
    "node_modules/@heroku-cli/plugin-buildpacks/node_modules/debug": {
      "version": "4.1.0",
      "extraneous": true
    },
    "node_modules/@heroku-cli/plugin-buildpacks/node_modules/doctrine": {
      "version": "3.0.0",
      "extraneous": true
    },
    "node_modules/@heroku-cli/plugin-buildpacks/node_modules/eslint": {
      "version": "6.7.2",
      "extraneous": true,
      "dependencies": {
        "ajv": "^6.10.0",
        "chalk": "^2.1.0",
        "debug": "^4.0.1",
        "doctrine": "^3.0.0",
        "eslint-utils": "^1.4.3",
        "file-entry-cache": "^5.0.1",
        "globals": "^12.1.0",
        "inquirer": "^7.0.0",
        "lodash": "^4.17.14",
        "optionator": "^0.8.3",
        "semver": "^6.1.2",
        "strip-json-comments": "^3.0.1"
      }
    },
    "node_modules/@heroku-cli/plugin-buildpacks/node_modules/eslint-utils": {
      "version": "1.4.3",
      "extraneous": true
    },
    "node_modules/@heroku-cli/plugin-buildpacks/node_modules/eslint/node_modules/lodash": {
      "version": "4.17.19",
      "extraneous": true
    },
    "node_modules/@heroku-cli/plugin-buildpacks/node_modules/figures": {
      "version": "3.0.0",
      "extraneous": true
    },
    "node_modules/@heroku-cli/plugin-buildpacks/node_modules/file-entry-cache": {
      "version": "5.0.1",
      "extraneous": true,
      "dependencies": {
        "flat-cache": "^2.0.1"
      }
    },
    "node_modules/@heroku-cli/plugin-buildpacks/node_modules/flat-cache": {
      "version": "2.0.1",
      "extraneous": true,
      "dependencies": {
        "write": "1.0.3"
      }
    },
    "node_modules/@heroku-cli/plugin-buildpacks/node_modules/globals": {
      "version": "12.3.0",
      "extraneous": true
    },
    "node_modules/@heroku-cli/plugin-buildpacks/node_modules/http-call": {
      "version": "5.2.4",
      "dependencies": {
        "debug": "^4.1.1",
        "is-stream": "^2.0.0"
      }
    },
    "node_modules/@heroku-cli/plugin-buildpacks/node_modules/http-call/node_modules/debug": {
      "version": "4.1.1"
    },
    "node_modules/@heroku-cli/plugin-buildpacks/node_modules/inquirer": {
      "version": "7.0.0",
      "extraneous": true,
      "dependencies": {
        "ansi-escapes": "^4.2.1",
        "chalk": "^2.4.2",
        "cli-cursor": "^3.1.0",
        "figures": "^3.0.0",
        "lodash": "^4.17.15",
        "mute-stream": "0.0.8",
        "string-width": "^4.1.0"
      }
    },
    "node_modules/@heroku-cli/plugin-buildpacks/node_modules/inquirer/node_modules/chalk": {
      "version": "2.4.2",
      "extraneous": true
    },
    "node_modules/@heroku-cli/plugin-buildpacks/node_modules/inquirer/node_modules/lodash": {
      "version": "4.17.19",
      "extraneous": true
    },
    "node_modules/@heroku-cli/plugin-buildpacks/node_modules/is-fullwidth-code-point": {
      "version": "3.0.0",
      "extraneous": true
    },
    "node_modules/@heroku-cli/plugin-buildpacks/node_modules/is-stream": {
      "version": "2.0.0"
    },
    "node_modules/@heroku-cli/plugin-buildpacks/node_modules/lodash": {
      "version": "4.17.20"
    },
    "node_modules/@heroku-cli/plugin-buildpacks/node_modules/mute-stream": {
      "version": "0.0.8",
      "extraneous": true
    },
    "node_modules/@heroku-cli/plugin-buildpacks/node_modules/onetime": {
      "version": "5.1.0",
      "extraneous": true
    },
    "node_modules/@heroku-cli/plugin-buildpacks/node_modules/optionator": {
      "version": "0.8.3",
      "extraneous": true
    },
    "node_modules/@heroku-cli/plugin-buildpacks/node_modules/restore-cursor": {
      "version": "3.1.0",
      "extraneous": true,
      "dependencies": {
        "onetime": "^5.1.0"
      }
    },
    "node_modules/@heroku-cli/plugin-buildpacks/node_modules/semver": {
      "version": "6.3.0",
      "extraneous": true
    },
    "node_modules/@heroku-cli/plugin-buildpacks/node_modules/string-width": {
      "version": "4.1.0",
      "extraneous": true,
      "dependencies": {
        "is-fullwidth-code-point": "^3.0.0"
      }
    },
    "node_modules/@heroku-cli/plugin-buildpacks/node_modules/strip-json-comments": {
      "version": "3.0.1",
      "extraneous": true
    },
    "node_modules/@heroku-cli/plugin-buildpacks/node_modules/tmp": {
      "version": "0.0.33",
      "extraneous": true
    },
    "node_modules/@heroku-cli/plugin-buildpacks/node_modules/tslib": {
      "version": "1.9.3",
      "extraneous": true
    },
    "node_modules/@heroku-cli/plugin-buildpacks/node_modules/write": {
      "version": "1.0.3",
      "extraneous": true
    },
    "node_modules/@heroku/buildpack-registry": {
      "version": "1.0.1",
      "resolved": "https://registry.npmjs.org/@heroku/buildpack-registry/-/buildpack-registry-1.0.1.tgz",
      "integrity": "sha512-cbB6ND+unRk692jf1PctcoqnmuyifanTMtFStucXukkpyeI/QgXac5qJNb3g6yhHOObTghJBXi9Uzy1KBcnPgQ==",
      "dependencies": {
        "node-fetch": "^2.2.0",
        "true-myth": "^2.0.0"
      },
      "engines": {
        "node": ">= 8.0.0"
      }
    },
    "node_modules/node-fetch": {
      "version": "2.6.1",
      "resolved": "https://registry.npmjs.org/node-fetch/-/node-fetch-2.6.1.tgz",
      "integrity": "sha512-V4aYg89jEoVRxRb2fJdAg8FHvI7cEyYdVAh94HH0UIK8oJxUfkjlDQN9RbMx+bEjP7+ggMiFRprSti032Oipxw==",
      "engines": {
        "node": "4.x || >=6.0.0"
      }
    },
    "node_modules/true-myth": {
      "version": "2.2.8",
      "resolved": "https://registry.npmjs.org/true-myth/-/true-myth-2.2.8.tgz",
      "integrity": "sha512-ds6rEGLDgVZZId9v+WK0kj7gc7x6LOJ8HVGGDrrWekYdJGCShGeV37z39124zgF73OtmlAqoDDZnDTmygr2D4g=="
    }
  },
  "dependencies": {
    "@heroku-cli/plugin-buildpacks": {
      "version": "7.54.0",
      "resolved": "https://registry.npmjs.org/@heroku-cli/plugin-buildpacks/-/plugin-buildpacks-7.54.0.tgz",
      "integrity": "sha512-djscXhDYJP6y/XXw2sM9j4MBTjggrtUHnExzvHqPLL8GUvaWOAE+buSQ6fobs8IIqkjLL7XTauWQVUqnj3O2Ng==",
      "requires": {
        "@heroku-cli/color": "^1.1.14",
        "@heroku-cli/command": "^8.4.1",
        "@heroku/buildpack-registry": "^1.0.1",
        "@oclif/config": "^1.12.10",
        "@oclif/plugin-legacy": "^1.2.0",
        "cli-ux": "^4.9.3",
        "heroku-cli-util": "^8.0.11",
        "http-call": "^5.2.3",
        "lodash": "^4.17.11",
        "true-myth": "2.2.3",
        "valid-url": "^1.0.9"
      },
      "dependencies": {
        "@types/node": {
          "version": "10.14.13",
          "extraneous": true
        },
        "ajv": {
          "version": "6.10.2",
          "extraneous": true
        },
        "ansi-escapes": {
          "version": "4.2.1",
          "extraneous": true,
          "requires": {
            "type-fest": "^0.5.2"
          },
          "dependencies": {
            "type-fest": {
              "version": "0.5.2",
              "extraneous": true
            }
          }
        },
        "chalk": {
          "version": "2.4.1",
          "extraneous": true
        },
        "cli-cursor": {
          "version": "3.1.0",
          "extraneous": true,
          "requires": {
            "restore-cursor": "^3.1.0"
          }
        },
        "debug": {
          "version": "4.1.0",
          "extraneous": true
        },
        "doctrine": {
          "version": "3.0.0",
          "extraneous": true
        },
        "eslint": {
          "version": "6.7.2",
          "extraneous": true,
          "requires": {
            "ajv": "^6.10.0",
            "chalk": "^2.1.0",
            "debug": "^4.0.1",
            "doctrine": "^3.0.0",
            "eslint-utils": "^1.4.3",
            "file-entry-cache": "^5.0.1",
            "globals": "^12.1.0",
            "inquirer": "^7.0.0",
            "lodash": "^4.17.14",
            "optionator": "^0.8.3",
            "semver": "^6.1.2",
            "strip-json-comments": "^3.0.1"
          },
          "dependencies": {
            "lodash": {
              "version": "4.17.19",
              "extraneous": true
            }
          }
        },
        "eslint-utils": {
          "version": "1.4.3",
          "extraneous": true
        },
        "figures": {
          "version": "3.0.0",
          "extraneous": true
        },
        "file-entry-cache": {
          "version": "5.0.1",
          "extraneous": true,
          "requires": {
            "flat-cache": "^2.0.1"
          }
        },
        "flat-cache": {
          "version": "2.0.1",
          "extraneous": true,
          "requires": {
            "write": "1.0.3"
          }
        },
        "globals": {
          "version": "12.3.0",
          "extraneous": true
        },
        "http-call": {
          "version": "5.2.4",
          "requires": {
            "debug": "^4.1.1",
            "is-stream": "^2.0.0"
          },
          "dependencies": {
            "debug": {
              "version": "4.1.1"
            }
          }
        },
        "inquirer": {
          "version": "7.0.0",
          "extraneous": true,
          "requires": {
            "ansi-escapes": "^4.2.1",
            "chalk": "^2.4.2",
            "cli-cursor": "^3.1.0",
            "figures": "^3.0.0",
            "lodash": "^4.17.15",
            "mute-stream": "0.0.8",
            "string-width": "^4.1.0"
          },
          "dependencies": {
            "chalk": {
              "version": "2.4.2",
              "extraneous": true
            },
            "lodash": {
              "version": "4.17.19",
              "extraneous": true
            }
          }
        },
        "is-fullwidth-code-point": {
          "version": "3.0.0",
          "extraneous": true
        },
        "is-stream": {
          "version": "2.0.0"
        },
        "lodash": {
          "version": "4.17.20"
        },
        "mute-stream": {
          "version": "0.0.8",
          "extraneous": true
        },
        "onetime": {
          "version": "5.1.0",
          "extraneous": true
        },
        "optionator": {
          "version": "0.8.3",
          "extraneous": true
        },
        "restore-cursor": {
          "version": "3.1.0",
          "extraneous": true,
          "requires": {
            "onetime": "^5.1.0"
          }
        },
        "semver": {
          "version": "6.3.0",
          "extraneous": true
        },
        "string-width": {
          "version": "4.1.0",
          "extraneous": true,
          "requires": {
            "is-fullwidth-code-point": "^3.0.0"
          }
        },
        "strip-json-comments": {
          "version": "3.0.1",
          "extraneous": true
        },
        "tmp": {
          "version": "0.0.33",
          "extraneous": true
        },
        "tslib": {
          "version": "1.9.3",
          "extraneous": true
        },
        "write": {
          "version": "1.0.3",
          "extraneous": true
        }
      }
    },
    "@heroku/buildpack-registry": {
      "version": "1.0.1",
      "resolved": "https://registry.npmjs.org/@heroku/buildpack-registry/-/buildpack-registry-1.0.1.tgz",
      "integrity": "sha512-cbB6ND+unRk692jf1PctcoqnmuyifanTMtFStucXukkpyeI/QgXac5qJNb3g6yhHOObTghJBXi9Uzy1KBcnPgQ==",
      "requires": {
        "node-fetch": "^2.2.0",
        "true-myth": "^2.0.0"
      }
    },
    "node-fetch": {
      "version": "2.6.1",
      "resolved": "https://registry.npmjs.org/node-fetch/-/node-fetch-2.6.1.tgz",
      "integrity": "sha512-V4aYg89jEoVRxRb2fJdAg8FHvI7cEyYdVAh94HH0UIK8oJxUfkjlDQN9RbMx+bEjP7+ggMiFRprSti032Oipxw=="
    },
    "true-myth": {
      "version": "2.2.8",
      "resolved": "https://registry.npmjs.org/true-myth/-/true-myth-2.2.8.tgz",
      "integrity": "sha512-ds6rEGLDgVZZId9v+WK0kj7gc7x6LOJ8HVGGDrrWekYdJGCShGeV37z39124zgF73OtmlAqoDDZnDTmygr2D4g=="
    }
  }
}
